
Microsoft Visual Studio Solution File, Format Version 12.00
# Visual Studio Version 16
VisualStudioVersion = 16.0.35130.168
MinimumVisualStudioVersion = 10.0.40219.1
Project("{FAE04EC0-301F-11D3-BF4B-00C04F79EFBC}") = "Timer", "Timer.csproj", "{D92B5063-8421-4F41-B45F-BF8541899220}"
EndProject
Global
	GlobalSection(SolutionConfigurationPlatforms) = preSolution
		Debug|Any CPU = Debug|Any CPU
		Release|Any CPU = Release|Any CPU
	EndGlobalSection
	GlobalSection(ProjectConfigurationPlatforms) = postSolution
		{D92B5063-8421-4F41-B45F-BF8541899220}.Debug|Any CPU.ActiveCfg = Debug|Any CPU
		{D92B5063-8421-4F41-B45F-BF8541899220}.Debug|Any CPU.Build.0 = Debug|Any CPU
		{D92B5063-8421-4F41-B45F-BF8541899220}.Release|Any CPU.ActiveCfg = Release|Any CPU
		{D92B5063-8421-4F41-B45F-BF8541899220}.Release|Any CPU.Build.0 = Release|Any CPU
	EndGlobalSection
	GlobalSection(SolutionProperties) = preSolution
		HideSolutionNode = FALSE
	EndGlobalSection
	GlobalSection(ExtensibilityGlobals) = postSolution
		SolutionGuid = {7A9E9A4B-D063-410B-9005-20016B548CCD}
	EndGlobalSection
EndGlobal
